// !$*UTF8*$!
{
	archiveVersion = 1;
	classes = {
	};
	objectVersion = 50;
	objects = {

/* Begin PBXBuildFile section */
		B123942426A0BE6A00AEDC15 /* AppDelegate.swift in Sources */ = {isa = PBXBuildFile; fileRef = B123942326A0BE6A00AEDC15 /* AppDelegate.swift */; };
		B123942626A0BE6A00AEDC15 /* SceneDelegate.swift in Sources */ = {isa = PBXBuildFile; fileRef = B123942526A0BE6A00AEDC15 /* SceneDelegate.swift */; };
		B123942826A0BE6A00AEDC15 /* ViewController.swift in Sources */ = {isa = PBXBuildFile; fileRef = B123942726A0BE6A00AEDC15 /* ViewController.swift */; };
		B123942B26A0BE6A00AEDC15 /* Main.storyboard in Resources */ = {isa = PBXBuildFile; fileRef = B123942926A0BE6A00AEDC15 /* Main.storyboard */; };
		B123942D26A0BE6D00AEDC15 /* Assets.xcassets in Resources */ = {isa = PBXBuildFile; fileRef = B123942C26A0BE6D00AEDC15 /* Assets.xcassets */; };
		B123943026A0BE6D00AEDC15 /* LaunchScreen.storyboard in Resources */ = {isa = PBXBuildFile; fileRef = B123942E26A0BE6D00AEDC15 /* LaunchScreen.storyboard */; };
		B123943B26A0BE6D00AEDC15 /* GenericsTests.swift in Sources */ = {isa = PBXBuildFile; fileRef = B123943A26A0BE6D00AEDC15 /* GenericsTests.swift */; };
		B123944626A0BE6D00AEDC15 /* GenericsUITests.swift in Sources */ = {isa = PBXBuildFile; fileRef = B123944526A0BE6D00AEDC15 /* GenericsUITests.swift */; };
/* End PBXBuildFile section */

/* Begin PBXContainerItemProxy section */
		B123943726A0BE6D00AEDC15 /* PBXContainerItemProxy */ = {
			isa = PBXContainerItemProxy;
			containerPortal = B123941826A0BE6A00AEDC15 /* Project object */;
			proxyType = 1;
			remoteGlobalIDString = B123941F26A0BE6A00AEDC15;
			remoteInfo = Generics;
		};
		B123944226A0BE6D00AEDC15 /* PBXContainerItemProxy */ = {
			isa = PBXContainerItemProxy;
			containerPortal = B123941826A0BE6A00AEDC15 /* Project object */;
			proxyType = 1;
			remoteGlobalIDString = B123941F26A0BE6A00AEDC15;
			remoteInfo = Generics;
		};
/* End PBXContainerItemProxy section */

/* Begin PBXFileReference section */
		B123942026A0BE6A00AEDC15 /* Generics.app */ = {isa = PBXFileReference; explicitFileType = wrapper.application; includeInIndex = 0; path = Generics.app; sourceTree = BUILT_PRODUCTS_DIR; };
		B123942326A0BE6A00AEDC15 /* AppDelegate.swift */ = {isa = PBXFileReference; lastKnownFileType = sourcecode.swift; path = AppDelegate.swift; sourceTree = "<group>"; };
		B123942526A0BE6A00AEDC15 /* SceneDelegate.swift */ = {isa = PBXFileReference; lastKnownFileType = sourcecode.swift; path = SceneDelegate.swift; sourceTree = "<group>"; };
		B123942726A0BE6A00AEDC15 /* ViewController.swift */ = {isa = PBXFileReference; lastKnownFileType = sourcecode.swift; path = ViewController.swift; sourceTree = "<group>"; };
		B123942A26A0BE6A00AEDC15 /* Base */ = {isa = PBXFileReference; lastKnownFileType = file.storyboard; name = Base; path = Base.lproj/Main.storyboard; sourceTree = "<group>"; };
		B123942C26A0BE6D00AEDC15 /* Assets.xcassets */ = {isa = PBXFileReference; lastKnownFileType = folder.assetcatalog; path = Assets.xcassets; sourceTree = "<group>"; };
		B123942F26A0BE6D00AEDC15 /* Base */ = {isa = PBXFileReference; lastKnownFileType = file.storyboard; name = Base; path = Base.lproj/LaunchScreen.storyboard; sourceTree = "<group>"; };
		B123943126A0BE6D00AEDC15 /* Info.plist */ = {isa = PBXFileReference; lastKnownFileType = text.plist.xml; path = Info.plist; sourceTree = "<group>"; };
		B123943626A0BE6D00AEDC15 /* GenericsTests.xctest */ = {isa = PBXFileReference; explicitFileType = wrapper.cfbundle; includeInIndex = 0; path = GenericsTests.xctest; sourceTree = BUILT_PRODUCTS_DIR; };
		B123943A26A0BE6D00AEDC15 /* GenericsTests.swift */ = {isa = PBXFileReference; lastKnownFileType = sourcecode.swift; path = GenericsTests.swift; sourceTree = "<group>"; };
		B123943C26A0BE6D00AEDC15 /* Info.plist */ = {isa = PBXFileReference; lastKnownFileType = text.plist.xml; path = Info.plist; sourceTree = "<group>"; };
		B123944126A0BE6D00AEDC15 /* GenericsUITests.xctest */ = {isa = PBXFileReference; explicitFileType = wrapper.cfbundle; includeInIndex = 0; path = GenericsUITests.xctest; sourceTree = BUILT_PRODUCTS_DIR; };
		B123944526A0BE6D00AEDC15 /* GenericsUITests.swift */ = {isa = PBXFileReference; lastKnownFileType = sourcecode.swift; path = GenericsUITests.swift; sourceTree = "<group>"; };
		B123944726A0BE6D00AEDC15 /* Info.plist */ = {isa = PBXFileReference; lastKnownFileType = text.plist.xml; path = Info.plist; sourceTree = "<group>"; };
/* End PBXFileReference section */

/* Begin PBXFrameworksBuildPhase section */
		B123941D26A0BE6A00AEDC15 /* Frameworks */ = {
			isa = PBXFrameworksBuildPhase;
			buildActionMask = 2147483647;
			files = (
			);
			runOnlyForDeploymentPostprocessing = 0;
		};
		B123943326A0BE6D00AEDC15 /* Frameworks */ = {
			isa = PBXFrameworksBuildPhase;
			buildActionMask = 2147483647;
			files = (
			);
			runOnlyForDeploymentPostprocessing = 0;
		};
		B123943E26A0BE6D00AEDC15 /* Frameworks */ = {
			isa = PBXFrameworksBuildPhase;
			buildActionMask = 2147483647;
			files = (
			);
			runOnlyForDeploymentPostprocessing = 0;
		};
/* End PBXFrameworksBuildPhase section */

/* Begin PBXGroup section */
		B123941726A0BE6A00AEDC15 = {
			isa = PBXGroup;
			children = (
				B123942226A0BE6A00AEDC15 /* Generics */,
				B123943926A0BE6D00AEDC15 /* GenericsTests */,
				B123944426A0BE6D00AEDC15 /* GenericsUITests */,
				B123942126A0BE6A00AEDC15 /* Products */,
			);
			sourceTree = "<group>";
		};
		B123942126A0BE6A00AEDC15 /* Products */ = {
			isa = PBXGroup;
			children = (
				B123942026A0BE6A00AEDC15 /* Generics.app */,
				B123943626A0BE6D00AEDC15 /* GenericsTests.xctest */,
				B123944126A0BE6D00AEDC15 /* GenericsUITests.xctest */,
			);
			name = Products;
			sourceTree = "<group>";
		};
		B123942226A0BE6A00AEDC15 /* Generics */ = {
			isa = PBXGroup;
			children = (
				B123942326A0BE6A00AEDC15 /* AppDelegate.swift */,
				B123942526A0BE6A00AEDC15 /* SceneDelegate.swift */,
				B123942726A0BE6A00AEDC15 /* ViewController.swift */,
				B123942926A0BE6A00AEDC15 /* Main.storyboard */,
				B123942C26A0BE6D00AEDC15 /* Assets.xcassets */,
				B123942E26A0BE6D00AEDC15 /* LaunchScreen.storyboard */,
				B123943126A0BE6D00AEDC15 /* Info.plist */,
			);
			path = Generics;
			sourceTree = "<group>";
		};
		B123943926A0BE6D00AEDC15 /* GenericsTests */ = {
			isa = PBXGroup;
			children = (
				B123943A26A0BE6D00AEDC15 /* GenericsTests.swift */,
				B123943C26A0BE6D00AEDC15 /* Info.plist */,
			);
			path = GenericsTests;
			sourceTree = "<group>";
		};
		B123944426A0BE6D00AEDC15 /* GenericsUITests */ = {
			isa = PBXGroup;
			children = (
				B123944526A0BE6D00AEDC15 /* GenericsUITests.swift */,
				B123944726A0BE6D00AEDC15 /* Info.plist */,
			);
			path = GenericsUITests;
			sourceTree = "<group>";
		};
/* End PBXGroup section */

/* Begin PBXNativeTarget section */
		B123941F26A0BE6A00AEDC15 /* Generics */ = {
			isa = PBXNativeTarget;
			buildConfigurationList = B123944A26A0BE6D00AEDC15 /* Build configuration list for PBXNativeTarget "Generics" */;
			buildPhases = (
				B123941C26A0BE6A00AEDC15 /* Sources */,
				B123941D26A0BE6A00AEDC15 /* Frameworks */,
				B123941E26A0BE6A00AEDC15 /* Resources */,
			);
			buildRules = (
			);
			dependencies = (
			);
			name = Generics;
			productName = Generics;
			productReference = B123942026A0BE6A00AEDC15 /* Generics.app */;
			productType = "com.apple.product-type.application";
		};
		B123943526A0BE6D00AEDC15 /* GenericsTests */ = {
			isa = PBXNativeTarget;
			buildConfigurationList = B123944D26A0BE6D00AEDC15 /* Build configuration list for PBXNativeTarget "GenericsTests" */;
			buildPhases = (
				B123943226A0BE6D00AEDC15 /* Sources */,
				B123943326A0BE6D00AEDC15 /* Frameworks */,
				B123943426A0BE6D00AEDC15 /* Resources */,
			);
			buildRules = (
			);
			dependencies = (
				B123943826A0BE6D00AEDC15 /* PBXTargetDependency */,
			);
			name = GenericsTests;
			productName = GenericsTests;
			productReference = B123943626A0BE6D00AEDC15 /* GenericsTests.xctest */;
			productType = "com.apple.product-type.bundle.unit-test";
		};
		B123944026A0BE6D00AEDC15 /* GenericsUITests */ = {
			isa = PBXNativeTarget;
			buildConfigurationList = B123945026A0BE6D00AEDC15 /* Build configuration list for PBXNativeTarget "GenericsUITests" */;
			buildPhases = (
				B123943D26A0BE6D00AEDC15 /* Sources */,
				B123943E26A0BE6D00AEDC15 /* Frameworks */,
				B123943F26A0BE6D00AEDC15 /* Resources */,
			);
			buildRules = (
			);
			dependencies = (
				B123944326A0BE6D00AEDC15 /* PBXTargetDependency */,
			);
			name = GenericsUITests;
			productName = GenericsUITests;
			productReference = B123944126A0BE6D00AEDC15 /* GenericsUITests.xctest */;
			productType = "com.apple.product-type.bundle.ui-testing";
		};
/* End PBXNativeTarget section */

/* Begin PBXProject section */
		B123941826A0BE6A00AEDC15 /* Project object */ = {
			isa = PBXProject;
			attributes = {
				LastSwiftUpdateCheck = 1250;
				LastUpgradeCheck = 1250;
				TargetAttributes = {
					B123941F26A0BE6A00AEDC15 = {
						CreatedOnToolsVersion = 12.5;
					};
					B123943526A0BE6D00AEDC15 = {
						CreatedOnToolsVersion = 12.5;
						TestTargetID = B123941F26A0BE6A00AEDC15;
					};
					B123944026A0BE6D00AEDC15 = {
						CreatedOnToolsVersion = 12.5;
						TestTargetID = B123941F26A0BE6A00AEDC15;
					};
				};
			};
			buildConfigurationList = B123941B26A0BE6A00AEDC15 /* Build configuration list for PBXProject "Generics" */;
			compatibilityVersion = "Xcode 9.3";
			developmentRegion = en;
			hasScannedForEncodings = 0;
			knownRegions = (
				en,
				Base,
			);
			mainGroup = B123941726A0BE6A00AEDC15;
			productRefGroup = B123942126A0BE6A00AEDC15 /* Products */;
			projectDirPath = "";
			projectRoot = "";
			targets = (
				B123941F26A0BE6A00AEDC15 /* Generics */,
				B123943526A0BE6D00AEDC15 /* GenericsTests */,
				B123944026A0BE6D00AEDC15 /* GenericsUITests */,
			);
		};
/* End PBXProject section */

/* Begin PBXResourcesBuildPhase section */
		B123941E26A0BE6A00AEDC15 /* Resources */ = {
			isa = PBXResourcesBuildPhase;
			buildActionMask = 2147483647;
			files = (
				B123943026A0BE6D00AEDC15 /* LaunchScreen.storyboard in Resources */,
				B123942D26A0BE6D00AEDC15 /* Assets.xcassets in Resources */,
				B123942B26A0BE6A00AEDC15 /* Main.storyboard in Resources */,
			);
			runOnlyForDeploymentPostprocessing = 0;
		};
		B123943426A0BE6D00AEDC15 /* Resources */ = {
			isa = PBXResourcesBuildPhase;
			buildActionMask = 2147483647;
			files = (
			);
			runOnlyForDeploymentPostprocessing = 0;
		};
		B123943F26A0BE6D00AEDC15 /* Resources */ = {
			isa = PBXResourcesBuildPhase;
			buildActionMask = 2147483647;
			files = (
			);
			runOnlyForDeploymentPostprocessing = 0;
		};
/* End PBXResourcesBuildPhase section */

/* Begin PBXSourcesBuildPhase section */
		B123941C26A0BE6A00AEDC15 /* Sources */ = {
			isa = PBXSourcesBuildPhase;
			buildActionMask = 2147483647;
			files = (
				B123942826A0BE6A00AEDC15 /* ViewController.swift in Sources */,
				B123942426A0BE6A00AEDC15 /* AppDelegate.swift in Sources */,
				B123942626A0BE6A00AEDC15 /* SceneDelegate.swift in Sources */,
			);
			runOnlyForDeploymentPostprocessing = 0;
		};
		B123943226A0BE6D00AEDC15 /* Sources */ = {
			isa = PBXSourcesBuildPhase;
			buildActionMask = 2147483647;
			files = (
				B123943B26A0BE6D00AEDC15 /* GenericsTests.swift in Sources */,
			);
			runOnlyForDeploymentPostprocessing = 0;
		};
		B123943D26A0BE6D00AEDC15 /* Sources */ = {
			isa = PBXSourcesBuildPhase;
			buildActionMask = 2147483647;
			files = (
				B123944626A0BE6D00AEDC15 /* GenericsUITests.swift in Sources */,
			);
			runOnlyForDeploymentPostprocessing = 0;
		};
/* End PBXSourcesBuildPhase section */

/* Begin PBXTargetDependency section */
		B123943826A0BE6D00AEDC15 /* PBXTargetDependency */ = {
			isa = PBXTargetDependency;
			target = B123941F26A0BE6A00AEDC15 /* Generics */;
			targetProxy = B123943726A0BE6D00AEDC15 /* PBXContainerItemProxy */;
		};
		B123944326A0BE6D00AEDC15 /* PBXTargetDependency */ = {
			isa = PBXTargetDependency;
			target = B123941F26A0BE6A00AEDC15 /* Generics */;
			targetProxy = B123944226A0BE6D00AEDC15 /* PBXContainerItemProxy */;
		};
/* End PBXTargetDependency section */

/* Begin PBXVariantGroup section */
		B123942926A0BE6A00AEDC15 /* Main.storyboard */ = {
			isa = PBXVariantGroup;
			children = (
				B123942A26A0BE6A00AEDC15 /* Base */,
			);
			name = Main.storyboard;
			sourceTree = "<group>";
		};
		B123942E26A0BE6D00AEDC15 /* LaunchScreen.storyboard */ = {
			isa = PBXVariantGroup;
			children = (
				B123942F26A0BE6D00AEDC15 /* Base */,
			);
			name = LaunchScreen.storyboard;
			sourceTree = "<group>";
		};
/* End PBXVariantGroup section */

/* Begin XCBuildConfiguration section */
		B123944826A0BE6D00AEDC15 /* Debug */ = {
			isa = XCBuildConfiguration;
			buildSettings = {
				ALWAYS_SEARCH_USER_PATHS = NO;
				CLANG_ANALYZER_NONNULL = YES;
				CLANG_ANALYZER_NUMBER_OBJECT_CONVERSION = YES_AGGRESSIVE;
				CLANG_CXX_LANGUAGE_STANDARD = "gnu++14";
				CLANG_CXX_LIBRARY = "libc++";
				CLANG_ENABLE_MODULES = YES;
				CLANG_ENABLE_OBJC_ARC = YES;
				CLANG_ENABLE_OBJC_WEAK = YES;
				CLANG_WARN_BLOCK_CAPTURE_AUTORELEASING = YES;
				CLANG_WARN_BOOL_CONVERSION = YES;
				CLANG_WARN_COMMA = YES;
				CLANG_WARN_CONSTANT_CONVERSION = YES;
				CLANG_WARN_DEPRECATED_OBJC_IMPLEMENTATIONS = YES;
				CLANG_WARN_DIRECT_OBJC_ISA_USAGE = YES_ERROR;
				CLANG_WARN_DOCUMENTATION_COMMENTS = YES;
				CLANG_WARN_EMPTY_BODY = YES;
				CLANG_WARN_ENUM_CONVERSION = YES;
				CLANG_WARN_INFINITE_RECURSION = YES;
				CLANG_WARN_INT_CONVERSION = YES;
				CLANG_WARN_NON_LITERAL_NULL_CONVERSION = YES;
				CLANG_WARN_OBJC_IMPLICIT_RETAIN_SELF = YES;
				CLANG_WARN_OBJC_LITERAL_CONVERSION = YES;
				CLANG_WARN_OBJC_ROOT_CLASS = YES_ERROR;
				CLANG_WARN_QUOTED_INCLUDE_IN_FRAMEWORK_HEADER = YES;
				CLANG_WARN_RANGE_LOOP_ANALYSIS = YES;
				CLANG_WARN_STRICT_PROTOTYPES = YES;
				CLANG_WARN_SUSPICIOUS_MOVE = YES;
				CLANG_WARN_UNGUARDED_AVAILABILITY = YES_AGGRESSIVE;
				CLANG_WARN_UNREACHABLE_CODE = YES;
				CLANG_WARN__DUPLICATE_METHOD_MATCH = YES;
				COPY_PHASE_STRIP = NO;
				DEBUG_INFORMATION_FORMAT = dwarf;
				ENABLE_STRICT_OBJC_MSGSEND = YES;
				ENABLE_TESTABILITY = YES;
				GCC_C_LANGUAGE_STANDARD = gnu11;
				GCC_DYNAMIC_NO_PIC = NO;
				GCC_NO_COMMON_BLOCKS = YES;
				GCC_OPTIMIZATION_LEVEL = 0;
				GCC_PREPROCESSOR_DEFINITIONS = (
					"DEBUG=1",
					"$(inherited)",
				);
				GCC_WARN_64_TO_32_BIT_CONVERSION = YES;
				GCC_WARN_ABOUT_RETURN_TYPE = YES_ERROR;
				GCC_WARN_UNDECLARED_SELECTOR = YES;
				GCC_WARN_UNINITIALIZED_AUTOS = YES_AGGRESSIVE;
				GCC_WARN_UNUSED_FUNCTION = YES;
				GCC_WARN_UNUSED_VARIABLE = YES;
				IPHONEOS_DEPLOYMENT_TARGET = 14.5;
				MTL_ENABLE_DEBUG_INFO = INCLUDE_SOURCE;
				MTL_FAST_MATH = YES;
				ONLY_ACTIVE_ARCH = YES;
				SDKROOT = iphoneos;
				SWIFT_ACTIVE_COMPILATION_CONDITIONS = DEBUG;
				SWIFT_OPTIMIZATION_LEVEL = "-Onone";
			};
			name = Debug;
		};
		B123944926A0BE6D00AEDC15 /* Release */ = {
			isa = XCBuildConfiguration;
			buildSettings = {
				ALWAYS_SEARCH_USER_PATHS = NO;
				CLANG_ANALYZER_NONNULL = YES;
				CLANG_ANALYZER_NUMBER_OBJECT_CONVERSION = YES_AGGRESSIVE;
				CLANG_CXX_LANGUAGE_STANDARD = "gnu++14";
				CLANG_CXX_LIBRARY = "libc++";
				CLANG_ENABLE_MODULES = YES;
				CLANG_ENABLE_OBJC_ARC = YES;
				CLANG_ENABLE_OBJC_WEAK = YES;
				CLANG_WARN_BLOCK_CAPTURE_AUTORELEASING = YES;
				CLANG_WARN_BOOL_CONVERSION = YES;
				CLANG_WARN_COMMA = YES;
				CLANG_WARN_CONSTANT_CONVERSION = YES;
				CLANG_WARN_DEPRECATED_OBJC_IMPLEMENTATIONS = YES;
				CLANG_WARN_DIRECT_OBJC_ISA_USAGE = YES_ERROR;
				CLANG_WARN_DOCUMENTATION_COMMENTS = YES;
				CLANG_WARN_EMPTY_BODY = YES;
				CLANG_WARN_ENUM_CONVERSION = YES;
				CLANG_WARN_INFINITE_RECURSION = YES;
				CLANG_WARN_INT_CONVERSION = YES;
				CLANG_WARN_NON_LITERAL_NULL_CONVERSION = YES;
				CLANG_WARN_OBJC_IMPLICIT_RETAIN_SELF = YES;
				CLANG_WARN_OBJC_LITERAL_CONVERSION = YES;
				CLANG_WARN_OBJC_ROOT_CLASS = YES_ERROR;
				CLANG_WARN_QUOTED_INCLUDE_IN_FRAMEWORK_HEADER = YES;
				CLANG_WARN_RANGE_LOOP_ANALYSIS = YES;
				CLANG_WARN_STRICT_PROTOTYPES = YES;
				CLANG_WARN_SUSPICIOUS_MOVE = YES;
				CLANG_WARN_UNGUARDED_AVAILABILITY = YES_AGGRESSIVE;
				CLANG_WARN_UNREACHABLE_CODE = YES;
				CLANG_WARN__DUPLICATE_METHOD_MATCH = YES;
				COPY_PHASE_STRIP = NO;
				DEBUG_INFORMATION_FORMAT = "dwarf-with-dsym";
				ENABLE_NS_ASSERTIONS = NO;
				ENABLE_STRICT_OBJC_MSGSEND = YES;
				GCC_C_LANGUAGE_STANDARD = gnu11;
				GCC_NO_COMMON_BLOCKS = YES;
				GCC_WARN_64_TO_32_BIT_CONVERSION = YES;
				GCC_WARN_ABOUT_RETURN_TYPE = YES_ERROR;
				GCC_WARN_UNDECLARED_SELECTOR = YES;
				GCC_WARN_UNINITIALIZED_AUTOS = YES_AGGRESSIVE;
				GCC_WARN_UNUSED_FUNCTION = YES;
				GCC_WARN_UNUSED_VARIABLE = YES;
				IPHONEOS_DEPLOYMENT_TARGET = 14.5;
				MTL_ENABLE_DEBUG_INFO = NO;
				MTL_FAST_MATH = YES;
				SDKROOT = iphoneos;
				SWIFT_COMPILATION_MODE = wholemodule;
				SWIFT_OPTIMIZATION_LEVEL = "-O";
				VALIDATE_PRODUCT = YES;
			};
			name = Release;
		};
		B123944B26A0BE6D00AEDC15 /* Debug */ = {
			isa = XCBuildConfiguration;
			buildSettings = {
				ASSETCATALOG_COMPILER_APPICON_NAME = AppIcon;
				ASSETCATALOG_COMPILER_GLOBAL_ACCENT_COLOR_NAME = AccentColor;
				CODE_SIGN_STYLE = Automatic;
				DEVELOPMENT_TEAM = FSKK6D7JX8;
				INFOPLIST_FILE = Generics/Info.plist;
				LD_RUNPATH_SEARCH_PATHS = (
					"$(inherited)",
					"@executable_path/Frameworks",
				);
				PRODUCT_BUNDLE_IDENTIFIER = baronebarbara.Generics;
				PRODUCT_NAME = "$(TARGET_NAME)";
				SWIFT_VERSION = 5.0;
				TARGETED_DEVICE_FAMILY = "1,2";
			};
			name = Debug;
		};
		B123944C26A0BE6D00AEDC15 /* Release */ = {
			isa = XCBuildConfiguration;
			buildSettings = {
				ASSETCATALOG_COMPILER_APPICON_NAME = AppIcon;
				ASSETCATALOG_COMPILER_GLOBAL_ACCENT_COLOR_NAME = AccentColor;
				CODE_SIGN_STYLE = Automatic;
				DEVELOPMENT_TEAM = FSKK6D7JX8;
				INFOPLIST_FILE = Generics/Info.plist;
				LD_RUNPATH_SEARCH_PATHS = (
					"$(inherited)",
					"@executable_path/Frameworks",
				);
				PRODUCT_BUNDLE_IDENTIFIER = baronebarbara.Generics;
				PRODUCT_NAME = "$(TARGET_NAME)";
				SWIFT_VERSION = 5.0;
				TARGETED_DEVICE_FAMILY = "1,2";
			};
			name = Release;
		};
		B123944E26A0BE6D00AEDC15 /* Debug */ = {
			isa = XCBuildConfiguration;
			buildSettings = {
				ALWAYS_EMBED_SWIFT_STANDARD_LIBRARIES = YES;
				BUNDLE_LOADER = "$(TEST_HOST)";
				CODE_SIGN_STYLE = Automatic;
				DEVELOPMENT_TEAM = FSKK6D7JX8;
				INFOPLIST_FILE = GenericsTests/Info.plist;
				IPHONEOS_DEPLOYMENT_TARGET = 14.5;
				LD_RUNPATH_SEARCH_PATHS = (
					"$(inherited)",
					"@executable_path/Frameworks",
					"@loader_path/Frameworks",
				);
				PRODUCT_BUNDLE_IDENTIFIER = baronebarbara.GenericsTests;
				PRODUCT_NAME = "$(TARGET_NAME)";
				SWIFT_VERSION = 5.0;
				TARGETED_DEVICE_FAMILY = "1,2";
				TEST_HOST = "$(BUILT_PRODUCTS_DIR)/Generics.app/Generics";
			};
			name = Debug;
		};
		B123944F26A0BE6D00AEDC15 /* Release */ = {
			isa = XCBuildConfiguration;
			buildSettings = {
				ALWAYS_EMBED_SWIFT_STANDARD_LIBRARIES = YES;
				BUNDLE_LOADER = "$(TEST_HOST)";
				CODE_SIGN_STYLE = Automatic;
				DEVELOPMENT_TEAM = FSKK6D7JX8;
				INFOPLIST_FILE = GenericsTests/Info.plist;
				IPHONEOS_DEPLOYMENT_TARGET = 14.5;
				LD_RUNPATH_SEARCH_PATHS = (
					"$(inherited)",
					"@executable_path/Frameworks",
					"@loader_path/Frameworks",
				);
				PRODUCT_BUNDLE_IDENTIFIER = baronebarbara.GenericsTests;
				PRODUCT_NAME = "$(TARGET_NAME)";
				SWIFT_VERSION = 5.0;
				TARGETED_DEVICE_FAMILY = "1,2";
				TEST_HOST = "$(BUILT_PRODUCTS_DIR)/Generics.app/Generics";
			};
			name = Release;
		};
		B123945126A0BE6D00AEDC15 /* Debug */ = {
			isa = XCBuildConfiguration;
			buildSettings = {
				ALWAYS_EMBED_SWIFT_STANDARD_LIBRARIES = YES;
				CODE_SIGN_STYLE = Automatic;
				DEVELOPMENT_TEAM = FSKK6D7JX8;
				INFOPLIST_FILE = GenericsUITests/Info.plist;
				LD_RUNPATH_SEARCH_PATHS = (
					"$(inherited)",
					"@executable_path/Frameworks",
					"@loader_path/Frameworks",
				);
				PRODUCT_BUNDLE_IDENTIFIER = baronebarbara.GenericsUITests;
				PRODUCT_NAME = "$(TARGET_NAME)";
				SWIFT_VERSION = 5.0;
				TARGETED_DEVICE_FAMILY = "1,2";
				TEST_TARGET_NAME = Generics;
			};
			name = Debug;
		};
		B123945226A0BE6D00AEDC15 /* Release */ = {
			isa = XCBuildConfiguration;
			buildSettings = {
				ALWAYS_EMBED_SWIFT_STANDARD_LIBRARIES = YES;
				CODE_SIGN_STYLE = Automatic;
				DEVELOPMENT_TEAM = FSKK6D7JX8;
				INFOPLIST_FILE = GenericsUITests/Info.plist;
				LD_RUNPATH_SEARCH_PATHS = (
					"$(inherited)",
					"@executable_path/Frameworks",
					"@loader_path/Frameworks",
				);
				PRODUCT_BUNDLE_IDENTIFIER = baronebarbara.GenericsUITests;
				PRODUCT_NAME = "$(TARGET_NAME)";
				SWIFT_VERSION = 5.0;
				TARGETED_DEVICE_FAMILY = "1,2";
				TEST_TARGET_NAME = Generics;
			};
			name = Release;
		};
/* End XCBuildConfiguration section */

/* Begin XCConfigurationList section */
		B123941B26A0BE6A00AEDC15 /* Build configuration list for PBXProject "Generics" */ = {
			isa = XCConfigurationList;
			buildConfigurations = (
				B123944826A0BE6D00AEDC15 /* Debug */,
				B123944926A0BE6D00AEDC15 /* Release */,
			);
			defaultConfigurationIsVisible = 0;
			defaultConfigurationName = Release;
		};
		B123944A26A0BE6D00AEDC15 /* Build configuration list for PBXNativeTarget "Generics" */ = {
			isa = XCConfigurationList;
			buildConfigurations = (
				B123944B26A0BE6D00AEDC15 /* Debug */,
				B123944C26A0BE6D00AEDC15 /* Release */,
			);
			defaultConfigurationIsVisible = 0;
			defaultConfigurationName = Release;
		};
		B123944D26A0BE6D00AEDC15 /* Build configuration list for PBXNativeTarget "GenericsTests" */ = {
			isa = XCConfigurationList;
			buildConfigurations = (
				B123944E26A0BE6D00AEDC15 /* Debug */,
				B123944F26A0BE6D00AEDC15 /* Release */,
			);
			defaultConfigurationIsVisible = 0;
			defaultConfigurationName = Release;
		};
		B123945026A0BE6D00AEDC15 /* Build configuration list for PBXNativeTarget "GenericsUITests" */ = {
			isa = XCConfigurationList;
			buildConfigurations = (
				B123945126A0BE6D00AEDC15 /* Debug */,
				B123945226A0BE6D00AEDC15 /* Release */,
			);
			defaultConfigurationIsVisible = 0;
			defaultConfigurationName = Release;
		};
/* End XCConfigurationList section */
	};
	rootObject = B123941826A0BE6A00AEDC15 /* Project object */;
}
